// !$*UTF8*$!
{
	archiveVersion = 1;
	classes = {
	};
	objectVersion = 55;
	objects = {

/* Begin PBXBuildFile section */
		9906401D2797172C0070C4EA /* AppDelegate.swift in Sources */ = {isa = PBXBuildFile; fileRef = 9906401C2797172C0070C4EA /* AppDelegate.swift */; };
		9906401F2797172C0070C4EA /* SceneDelegate.swift in Sources */ = {isa = PBXBuildFile; fileRef = 9906401E2797172C0070C4EA /* SceneDelegate.swift */; };
		990640212797172C0070C4EA /* ViewController.swift in Sources */ = {isa = PBXBuildFile; fileRef = 990640202797172C0070C4EA /* ViewController.swift */; };
		990640242797172C0070C4EA /* Main.storyboard in Resources */ = {isa = PBXBuildFile; fileRef = 990640222797172C0070C4EA /* Main.storyboard */; };
		990640262797172E0070C4EA /* Assets.xcassets in Resources */ = {isa = PBXBuildFile; fileRef = 990640252797172E0070C4EA /* Assets.xcassets */; };
		990640292797172E0070C4EA /* LaunchScreen.storyboard in Resources */ = {isa = PBXBuildFile; fileRef = 990640272797172E0070C4EA /* LaunchScreen.storyboard */; };
		9906403127971F910070C4EA /* WeatherData.swift in Sources */ = {isa = PBXBuildFile; fileRef = 9906403027971F910070C4EA /* WeatherData.swift */; };
		990640342797226E0070C4EA /* DailyWeatherData.swift in Sources */ = {isa = PBXBuildFile; fileRef = 990640332797226E0070C4EA /* DailyWeatherData.swift */; };
		990640362797262E0070C4EA /* APIKey.swift in Sources */ = {isa = PBXBuildFile; fileRef = 990640352797262E0070C4EA /* APIKey.swift */; };
		9906403827974BD00070C4EA /* DailyWeatherDataViewModel.swift in Sources */ = {isa = PBXBuildFile; fileRef = 9906403727974BD00070C4EA /* DailyWeatherDataViewModel.swift */; };
		9906403B27974D0F0070C4EA /* WeatherDetailsViewModel.swift in Sources */ = {isa = PBXBuildFile; fileRef = 9906403A27974D0F0070C4EA /* WeatherDetailsViewModel.swift */; };
		9906403D27974FC50070C4EA /* WeatherDataViewModel.swift in Sources */ = {isa = PBXBuildFile; fileRef = 9906403C27974FC50070C4EA /* WeatherDataViewModel.swift */; };
		9959D70D279836B8000DC26E /* WeatherTableViewCell.swift in Sources */ = {isa = PBXBuildFile; fileRef = 9959D70C279836B8000DC26E /* WeatherTableViewCell.swift */; };
		9959D70F2798699C000DC26E /* BackgroundColour.swift in Sources */ = {isa = PBXBuildFile; fileRef = 9959D70E2798699C000DC26E /* BackgroundColour.swift */; };
/* End PBXBuildFile section */

/* Begin PBXFileReference section */
		990640192797172C0070C4EA /* DVTApplicationCW.app */ = {isa = PBXFileReference; explicitFileType = wrapper.application; includeInIndex = 0; path = DVTApplicationCW.app; sourceTree = BUILT_PRODUCTS_DIR; };
		9906401C2797172C0070C4EA /* AppDelegate.swift */ = {isa = PBXFileReference; lastKnownFileType = sourcecode.swift; path = AppDelegate.swift; sourceTree = "<group>"; };
		9906401E2797172C0070C4EA /* SceneDelegate.swift */ = {isa = PBXFileReference; lastKnownFileType = sourcecode.swift; path = SceneDelegate.swift; sourceTree = "<group>"; };
		990640202797172C0070C4EA /* ViewController.swift */ = {isa = PBXFileReference; lastKnownFileType = sourcecode.swift; path = ViewController.swift; sourceTree = "<group>"; };
		990640232797172C0070C4EA /* Base */ = {isa = PBXFileReference; lastKnownFileType = file.storyboard; name = Base; path = Base.lproj/Main.storyboard; sourceTree = "<group>"; };
		990640252797172E0070C4EA /* Assets.xcassets */ = {isa = PBXFileReference; lastKnownFileType = folder.assetcatalog; path = Assets.xcassets; sourceTree = "<group>"; };
		990640282797172E0070C4EA /* Base */ = {isa = PBXFileReference; lastKnownFileType = file.storyboard; name = Base; path = Base.lproj/LaunchScreen.storyboard; sourceTree = "<group>"; };
		9906402A2797172E0070C4EA /* Info.plist */ = {isa = PBXFileReference; lastKnownFileType = text.plist.xml; path = Info.plist; sourceTree = "<group>"; };
		9906403027971F910070C4EA /* WeatherData.swift */ = {isa = PBXFileReference; lastKnownFileType = sourcecode.swift; path = WeatherData.swift; sourceTree = "<group>"; };
		990640332797226E0070C4EA /* DailyWeatherData.swift */ = {isa = PBXFileReference; lastKnownFileType = sourcecode.swift; path = DailyWeatherData.swift; sourceTree = "<group>"; };
		990640352797262E0070C4EA /* APIKey.swift */ = {isa = PBXFileReference; lastKnownFileType = sourcecode.swift; path = APIKey.swift; sourceTree = "<group>"; };
		9906403727974BD00070C4EA /* DailyWeatherDataViewModel.swift */ = {isa = PBXFileReference; lastKnownFileType = sourcecode.swift; path = DailyWeatherDataViewModel.swift; sourceTree = "<group>"; };
		9906403A27974D0F0070C4EA /* WeatherDetailsViewModel.swift */ = {isa = PBXFileReference; lastKnownFileType = sourcecode.swift; path = WeatherDetailsViewModel.swift; sourceTree = "<group>"; };
		9906403C27974FC50070C4EA /* WeatherDataViewModel.swift */ = {isa = PBXFileReference; lastKnownFileType = sourcecode.swift; path = WeatherDataViewModel.swift; sourceTree = "<group>"; };
		9959D70C279836B8000DC26E /* WeatherTableViewCell.swift */ = {isa = PBXFileReference; lastKnownFileType = sourcecode.swift; path = WeatherTableViewCell.swift; sourceTree = "<group>"; };
		9959D70E2798699C000DC26E /* BackgroundColour.swift */ = {isa = PBXFileReference; lastKnownFileType = sourcecode.swift; path = BackgroundColour.swift; sourceTree = "<group>"; };
/* End PBXFileReference section */

/* Begin PBXFrameworksBuildPhase section */
		990640162797172C0070C4EA /* Frameworks */ = {
			isa = PBXFrameworksBuildPhase;
			buildActionMask = 2147483647;
			files = (
			);
			runOnlyForDeploymentPostprocessing = 0;
		};
/* End PBXFrameworksBuildPhase section */

/* Begin PBXGroup section */
		990640102797172C0070C4EA = {
			isa = PBXGroup;
			children = (
				9906401B2797172C0070C4EA /* DVTApplicationCW */,
				9906401A2797172C0070C4EA /* Products */,
			);
			sourceTree = "<group>";
		};
		9906401A2797172C0070C4EA /* Products */ = {
			isa = PBXGroup;
			children = (
				990640192797172C0070C4EA /* DVTApplicationCW.app */,
			);
			name = Products;
			sourceTree = "<group>";
		};
		9906401B2797172C0070C4EA /* DVTApplicationCW */ = {
			isa = PBXGroup;
			children = (
				9906401C2797172C0070C4EA /* AppDelegate.swift */,
				9906401E2797172C0070C4EA /* SceneDelegate.swift */,
				9906403227971F970070C4EA /* Model */,
				9959D6FF2797F3F4000DC26E /* ViewModels */,
				9934682227996D00009A07F4 /* View */,
				9906403927974C0B0070C4EA /* Controllers */,
				9934682327996D1B009A07F4 /* Other */,
				990640252797172E0070C4EA /* Assets.xcassets */,
				990640272797172E0070C4EA /* LaunchScreen.storyboard */,
				9906402A2797172E0070C4EA /* Info.plist */,
			);
			path = DVTApplicationCW;
			sourceTree = "<group>";
		};
		9906403227971F970070C4EA /* Model */ = {
			isa = PBXGroup;
			children = (
				9906403027971F910070C4EA /* WeatherData.swift */,
				990640332797226E0070C4EA /* DailyWeatherData.swift */,
			);
			path = Model;
			sourceTree = "<group>";
		};
		9906403927974C0B0070C4EA /* Controllers */ = {
			isa = PBXGroup;
			children = (
				990640202797172C0070C4EA /* ViewController.swift */,
			);
			path = Controllers;
			sourceTree = "<group>";
		};
		9934682227996D00009A07F4 /* View */ = {
			isa = PBXGroup;
			children = (
				990640222797172C0070C4EA /* Main.storyboard */,
			);
			path = View;
			sourceTree = "<group>";
		};
		9934682327996D1B009A07F4 /* Other */ = {
			isa = PBXGroup;
			children = (
				990640352797262E0070C4EA /* APIKey.swift */,
				9959D70C279836B8000DC26E /* WeatherTableViewCell.swift */,
				9959D70E2798699C000DC26E /* BackgroundColour.swift */,
			);
			path = Other;
			sourceTree = "<group>";
		};
		9959D6FF2797F3F4000DC26E /* ViewModels */ = {
			isa = PBXGroup;
			children = (
				9906403727974BD00070C4EA /* DailyWeatherDataViewModel.swift */,
				9906403A27974D0F0070C4EA /* WeatherDetailsViewModel.swift */,
				9906403C27974FC50070C4EA /* WeatherDataViewModel.swift */,
			);
			path = ViewModels;
			sourceTree = "<group>";
		};
/* End PBXGroup section */

/* Begin PBXNativeTarget section */
		990640182797172C0070C4EA /* DVTApplicationCW */ = {
			isa = PBXNativeTarget;
			buildConfigurationList = 9906402D2797172E0070C4EA /* Build configuration list for PBXNativeTarget "DVTApplicationCW" */;
			buildPhases = (
				990640152797172C0070C4EA /* Sources */,
				990640162797172C0070C4EA /* Frameworks */,
				990640172797172C0070C4EA /* Resources */,
			);
			buildRules = (
			);
			dependencies = (
			);
			name = DVTApplicationCW;
			productName = DVTApplicationCW;
			productReference = 990640192797172C0070C4EA /* DVTApplicationCW.app */;
			productType = "com.apple.product-type.application";
		};
/* End PBXNativeTarget section */

/* Begin PBXProject section */
		990640112797172C0070C4EA /* Project object */ = {
			isa = PBXProject;
			attributes = {
				BuildIndependentTargetsInParallel = 1;
				LastSwiftUpdateCheck = 1310;
				LastUpgradeCheck = 1310;
				TargetAttributes = {
					990640182797172C0070C4EA = {
						CreatedOnToolsVersion = 13.1;
					};
				};
			};
			buildConfigurationList = 990640142797172C0070C4EA /* Build configuration list for PBXProject "DVTApplicationCW" */;
			compatibilityVersion = "Xcode 13.0";
			developmentRegion = en;
			hasScannedForEncodings = 0;
			knownRegions = (
				en,
				Base,
			);
			mainGroup = 990640102797172C0070C4EA;
			productRefGroup = 9906401A2797172C0070C4EA /* Products */;
			projectDirPath = "";
			projectRoot = "";
			targets = (
				990640182797172C0070C4EA /* DVTApplicationCW */,
			);
		};
/* End PBXProject section */

/* Begin PBXResourcesBuildPhase section */
		990640172797172C0070C4EA /* Resources */ = {
			isa = PBXResourcesBuildPhase;
			buildActionMask = 2147483647;
			files = (
				990640292797172E0070C4EA /* LaunchScreen.storyboard in Resources */,
				990640262797172E0070C4EA /* Assets.xcassets in Resources */,
				990640242797172C0070C4EA /* Main.storyboard in Resources */,
			);
			runOnlyForDeploymentPostprocessing = 0;
		};
/* End PBXResourcesBuildPhase section */

/* Begin PBXSourcesBuildPhase section */
		990640152797172C0070C4EA /* Sources */ = {
			isa = PBXSourcesBuildPhase;
			buildActionMask = 2147483647;
			files = (
				9959D70D279836B8000DC26E /* WeatherTableViewCell.swift in Sources */,
				990640212797172C0070C4EA /* ViewController.swift in Sources */,
				9906403827974BD00070C4EA /* DailyWeatherDataViewModel.swift in Sources */,
				9906403B27974D0F0070C4EA /* WeatherDetailsViewModel.swift in Sources */,
				9906401D2797172C0070C4EA /* AppDelegate.swift in Sources */,
				9906403127971F910070C4EA /* WeatherData.swift in Sources */,
				9959D70F2798699C000DC26E /* BackgroundColour.swift in Sources */,
				9906401F2797172C0070C4EA /* SceneDelegate.swift in Sources */,
				9906403D27974FC50070C4EA /* WeatherDataViewModel.swift in Sources */,
				990640362797262E0070C4EA /* APIKey.swift in Sources */,
				990640342797226E0070C4EA /* DailyWeatherData.swift in Sources */,
			);
			runOnlyForDeploymentPostprocessing = 0;
		};
/* End PBXSourcesBuildPhase section */

/* Begin PBXVariantGroup section */
		990640222797172C0070C4EA /* Main.storyboard */ = {
			isa = PBXVariantGroup;
			children = (
				990640232797172C0070C4EA /* Base */,
			);
			name = Main.storyboard;
			sourceTree = "<group>";
		};
		990640272797172E0070C4EA /* LaunchScreen.storyboard */ = {
			isa = PBXVariantGroup;
			children = (
				990640282797172E0070C4EA /* Base */,
			);
			name = LaunchScreen.storyboard;
			sourceTree = "<group>";
		};
/* End PBXVariantGroup section */

/* Begin XCBuildConfiguration section */
		9906402B2797172E0070C4EA /* Debug */ = {
			isa = XCBuildConfiguration;
			buildSettings = {
				ALWAYS_SEARCH_USER_PATHS = NO;
				CLANG_ANALYZER_NONNULL = YES;
				CLANG_ANALYZER_NUMBER_OBJECT_CONVERSION = YES_AGGRESSIVE;
				CLANG_CXX_LANGUAGE_STANDARD = "gnu++17";
				CLANG_CXX_LIBRARY = "libc++";
				CLANG_ENABLE_MODULES = YES;
				CLANG_ENABLE_OBJC_ARC = YES;
				CLANG_ENABLE_OBJC_WEAK = YES;
				CLANG_WARN_BLOCK_CAPTURE_AUTORELEASING = YES;
				CLANG_WARN_BOOL_CONVERSION = YES;
				CLANG_WARN_COMMA = YES;
				CLANG_WARN_CONSTANT_CONVERSION = YES;
				CLANG_WARN_DEPRECATED_OBJC_IMPLEMENTATIONS = YES;
				CLANG_WARN_DIRECT_OBJC_ISA_USAGE = YES_ERROR;
				CLANG_WARN_DOCUMENTATION_COMMENTS = YES;
				CLANG_WARN_EMPTY_BODY = YES;
				CLANG_WARN_ENUM_CONVERSION = YES;
				CLANG_WARN_INFINITE_RECURSION = YES;
				CLANG_WARN_INT_CONVERSION = YES;
				CLANG_WARN_NON_LITERAL_NULL_CONVERSION = YES;
				CLANG_WARN_OBJC_IMPLICIT_RETAIN_SELF = YES;
				CLANG_WARN_OBJC_LITERAL_CONVERSION = YES;
				CLANG_WARN_OBJC_ROOT_CLASS = YES_ERROR;
				CLANG_WARN_QUOTED_INCLUDE_IN_FRAMEWORK_HEADER = YES;
				CLANG_WARN_RANGE_LOOP_ANALYSIS = YES;
				CLANG_WARN_STRICT_PROTOTYPES = YES;
				CLANG_WARN_SUSPICIOUS_MOVE = YES;
				CLANG_WARN_UNGUARDED_AVAILABILITY = YES_AGGRESSIVE;
				CLANG_WARN_UNREACHABLE_CODE = YES;
				CLANG_WARN__DUPLICATE_METHOD_MATCH = YES;
				COPY_PHASE_STRIP = NO;
				DEBUG_INFORMATION_FORMAT = dwarf;
				ENABLE_STRICT_OBJC_MSGSEND = YES;
				ENABLE_TESTABILITY = YES;
				GCC_C_LANGUAGE_STANDARD = gnu11;
				GCC_DYNAMIC_NO_PIC = NO;
				GCC_NO_COMMON_BLOCKS = YES;
				GCC_OPTIMIZATION_LEVEL = 0;
				GCC_PREPROCESSOR_DEFINITIONS = (
					"DEBUG=1",
					"$(inherited)",
				);
				GCC_WARN_64_TO_32_BIT_CONVERSION = YES;
				GCC_WARN_ABOUT_RETURN_TYPE = YES_ERROR;
				GCC_WARN_UNDECLARED_SELECTOR = YES;
				GCC_WARN_UNINITIALIZED_AUTOS = YES_AGGRESSIVE;
				GCC_WARN_UNUSED_FUNCTION = YES;
				GCC_WARN_UNUSED_VARIABLE = YES;
				IPHONEOS_DEPLOYMENT_TARGET = 15.0;
				MTL_ENABLE_DEBUG_INFO = INCLUDE_SOURCE;
				MTL_FAST_MATH = YES;
				ONLY_ACTIVE_ARCH = YES;
				SDKROOT = iphoneos;
				SWIFT_ACTIVE_COMPILATION_CONDITIONS = DEBUG;
				SWIFT_OPTIMIZATION_LEVEL = "-Onone";
			};
			name = Debug;
		};
		9906402C2797172E0070C4EA /* Release */ = {
			isa = XCBuildConfiguration;
			buildSettings = {
				ALWAYS_SEARCH_USER_PATHS = NO;
				CLANG_ANALYZER_NONNULL = YES;
				CLANG_ANALYZER_NUMBER_OBJECT_CONVERSION = YES_AGGRESSIVE;
				CLANG_CXX_LANGUAGE_STANDARD = "gnu++17";
				CLANG_CXX_LIBRARY = "libc++";
				CLANG_ENABLE_MODULES = YES;
				CLANG_ENABLE_OBJC_ARC = YES;
				CLANG_ENABLE_OBJC_WEAK = YES;
				CLANG_WARN_BLOCK_CAPTURE_AUTORELEASING = YES;
				CLANG_WARN_BOOL_CONVERSION = YES;
				CLANG_WARN_COMMA = YES;
				CLANG_WARN_CONSTANT_CONVERSION = YES;
				CLANG_WARN_DEPRECATED_OBJC_IMPLEMENTATIONS = YES;
				CLANG_WARN_DIRECT_OBJC_ISA_USAGE = YES_ERROR;
				CLANG_WARN_DOCUMENTATION_COMMENTS = YES;
				CLANG_WARN_EMPTY_BODY = YES;
				CLANG_WARN_ENUM_CONVERSION = YES;
				CLANG_WARN_INFINITE_RECURSION = YES;
				CLANG_WARN_INT_CONVERSION = YES;
				CLANG_WARN_NON_LITERAL_NULL_CONVERSION = YES;
				CLANG_WARN_OBJC_IMPLICIT_RETAIN_SELF = YES;
				CLANG_WARN_OBJC_LITERAL_CONVERSION = YES;
				CLANG_WARN_OBJC_ROOT_CLASS = YES_ERROR;
				CLANG_WARN_QUOTED_INCLUDE_IN_FRAMEWORK_HEADER = YES;
				CLANG_WARN_RANGE_LOOP_ANALYSIS = YES;
				CLANG_WARN_STRICT_PROTOTYPES = YES;
				CLANG_WARN_SUSPICIOUS_MOVE = YES;
				CLANG_WARN_UNGUARDED_AVAILABILITY = YES_AGGRESSIVE;
				CLANG_WARN_UNREACHABLE_CODE = YES;
				CLANG_WARN__DUPLICATE_METHOD_MATCH = YES;
				COPY_PHASE_STRIP = NO;
				DEBUG_INFORMATION_FORMAT = "dwarf-with-dsym";
				ENABLE_NS_ASSERTIONS = NO;
				ENABLE_STRICT_OBJC_MSGSEND = YES;
				GCC_C_LANGUAGE_STANDARD = gnu11;
				GCC_NO_COMMON_BLOCKS = YES;
				GCC_WARN_64_TO_32_BIT_CONVERSION = YES;
				GCC_WARN_ABOUT_RETURN_TYPE = YES_ERROR;
				GCC_WARN_UNDECLARED_SELECTOR = YES;
				GCC_WARN_UNINITIALIZED_AUTOS = YES_AGGRESSIVE;
				GCC_WARN_UNUSED_FUNCTION = YES;
				GCC_WARN_UNUSED_VARIABLE = YES;
				IPHONEOS_DEPLOYMENT_TARGET = 15.0;
				MTL_ENABLE_DEBUG_INFO = NO;
				MTL_FAST_MATH = YES;
				SDKROOT = iphoneos;
				SWIFT_COMPILATION_MODE = wholemodule;
				SWIFT_OPTIMIZATION_LEVEL = "-O";
				VALIDATE_PRODUCT = YES;
			};
			name = Release;
		};
		9906402E2797172E0070C4EA /* Debug */ = {
			isa = XCBuildConfiguration;
			buildSettings = {
				ASSETCATALOG_COMPILER_APPICON_NAME = AppIcon;
				ASSETCATALOG_COMPILER_GLOBAL_ACCENT_COLOR_NAME = AccentColor;
				CODE_SIGN_STYLE = Automatic;
				CURRENT_PROJECT_VERSION = 1;
				GENERATE_INFOPLIST_FILE = YES;
				INFOPLIST_FILE = DVTApplicationCW/Info.plist;
				INFOPLIST_KEY_UIApplicationSupportsIndirectInputEvents = YES;
				INFOPLIST_KEY_UILaunchStoryboardName = LaunchScreen;
				INFOPLIST_KEY_UIMainStoryboardFile = Main;
				INFOPLIST_KEY_UISupportedInterfaceOrientations = UIInterfaceOrientationPortrait;
				INFOPLIST_KEY_UISupportedInterfaceOrientations_iPad = "UIInterfaceOrientationPortrait UIInterfaceOrientationPortraitUpsideDown UIInterfaceOrientationLandscapeLeft UIInterfaceOrientationLandscapeRight";
				INFOPLIST_KEY_UISupportedInterfaceOrientations_iPhone = "UIInterfaceOrientationPortrait UIInterfaceOrientationLandscapeLeft UIInterfaceOrientationLandscapeRight";
				LD_RUNPATH_SEARCH_PATHS = (
					"$(inherited)",
					"@executable_path/Frameworks",
				);
				MARKETING_VERSION = 1.0;
				PRODUCT_BUNDLE_IDENTIFIER = com.katewaller.DVTApplicationCW;
				PRODUCT_NAME = "$(TARGET_NAME)";
				SWIFT_EMIT_LOC_STRINGS = YES;
				SWIFT_VERSION = 5.0;
				TARGETED_DEVICE_FAMILY = 1;
			};
			name = Debug;
		};
		9906402F2797172E0070C4EA /* Release */ = {
			isa = XCBuildConfiguration;
			buildSettings = {
				ASSETCATALOG_COMPILER_APPICON_NAME = AppIcon;
				ASSETCATALOG_COMPILER_GLOBAL_ACCENT_COLOR_NAME = AccentColor;
				CODE_SIGN_STYLE = Automatic;
				CURRENT_PROJECT_VERSION = 1;
				GENERATE_INFOPLIST_FILE = YES;
				INFOPLIST_FILE = DVTApplicationCW/Info.plist;
				INFOPLIST_KEY_UIApplicationSupportsIndirectInputEvents = YES;
				INFOPLIST_KEY_UILaunchStoryboardName = LaunchScreen;
				INFOPLIST_KEY_UIMainStoryboardFile = Main;
				INFOPLIST_KEY_UISupportedInterfaceOrientations = UIInterfaceOrientationPortrait;
				INFOPLIST_KEY_UISupportedInterfaceOrientations_iPad = "UIInterfaceOrientationPortrait UIInterfaceOrientationPortraitUpsideDown UIInterfaceOrientationLandscapeLeft UIInterfaceOrientationLandscapeRight";
				INFOPLIST_KEY_UISupportedInterfaceOrientations_iPhone = "UIInterfaceOrientationPortrait UIInterfaceOrientationLandscapeLeft UIInterfaceOrientationLandscapeRight";
				LD_RUNPATH_SEARCH_PATHS = (
					"$(inherited)",
					"@executable_path/Frameworks",
				);
				MARKETING_VERSION = 1.0;
				PRODUCT_BUNDLE_IDENTIFIER = com.katewaller.DVTApplicationCW;
				PRODUCT_NAME = "$(TARGET_NAME)";
				SWIFT_EMIT_LOC_STRINGS = YES;
				SWIFT_VERSION = 5.0;
				TARGETED_DEVICE_FAMILY = 1;
			};
			name = Release;
		};
/* End XCBuildConfiguration section */

/* Begin XCConfigurationList section */
		990640142797172C0070C4EA /* Build configuration list for PBXProject "DVTApplicationCW" */ = {
			isa = XCConfigurationList;
			buildConfigurations = (
				9906402B2797172E0070C4EA /* Debug */,
				9906402C2797172E0070C4EA /* Release */,
			);
			defaultConfigurationIsVisible = 0;
			defaultConfigurationName = Release;
		};
		9906402D2797172E0070C4EA /* Build configuration list for PBXNativeTarget "DVTApplicationCW" */ = {
			isa = XCConfigurationList;
			buildConfigurations = (
				9906402E2797172E0070C4EA /* Debug */,
				9906402F2797172E0070C4EA /* Release */,
			);
			defaultConfigurationIsVisible = 0;
			defaultConfigurationName = Release;
		};
/* End XCConfigurationList section */
	};
	rootObject = 990640112797172C0070C4EA /* Project object */;
}
